{
  "name": "miniprogram",
  "version": "1.0.0",
  "lockfileVersion": 1,
  "requires": true,
  "dependencies": {
    "@vant/weapp": {
      "version": "1.6.1",
      "resolved": "https://registry.npmjs.org/@vant/weapp/-/weapp-1.6.1.tgz",
      "integrity": "sha512-HkQHodqmSPB0bTILo5DnM/avkpeSBfQHo42kN4HJa504SCNIc2DoF0VrAl/CaZB+2DMrElnEnM+//vf5rENtNQ=="
    }
  }
}
